// !$*UTF8*$!
{
	archiveVersion = 1;
	classes = {
	};
	objectVersion = 46;
	objects = {

/* Begin PBXBuildFile section */
		417090FE1AD9B89A0095A7BB /* AppDelegate.swift in Sources */ = {isa = PBXBuildFile; fileRef = 417090FD1AD9B89A0095A7BB /* AppDelegate.swift */; };
		417091001AD9B89A0095A7BB /* ViewController.swift in Sources */ = {isa = PBXBuildFile; fileRef = 417090FF1AD9B89A0095A7BB /* ViewController.swift */; };
		417091031AD9B89A0095A7BB /* Main.storyboard in Resources */ = {isa = PBXBuildFile; fileRef = 417091011AD9B89A0095A7BB /* Main.storyboard */; };
		417091051AD9B89A0095A7BB /* Images.xcassets in Resources */ = {isa = PBXBuildFile; fileRef = 417091041AD9B89A0095A7BB /* Images.xcassets */; };
		417091081AD9B89A0095A7BB /* LaunchScreen.xib in Resources */ = {isa = PBXBuildFile; fileRef = 417091061AD9B89A0095A7BB /* LaunchScreen.xib */; };
		417091141AD9B89A0095A7BB /* musicaleTests.swift in Sources */ = {isa = PBXBuildFile; fileRef = 417091131AD9B89A0095A7BB /* musicaleTests.swift */; };
/* End PBXBuildFile section */

/* Begin PBXContainerItemProxy section */
		4170910E1AD9B89A0095A7BB /* PBXContainerItemProxy */ = {
			isa = PBXContainerItemProxy;
			containerPortal = 417090F01AD9B89A0095A7BB /* Project object */;
			proxyType = 1;
			remoteGlobalIDString = 417090F71AD9B89A0095A7BB;
			remoteInfo = musicale;
		};
/* End PBXContainerItemProxy section */

/* Begin PBXFileReference section */
		417090F81AD9B89A0095A7BB /* musicale.app */ = {isa = PBXFileReference; explicitFileType = wrapper.application; includeInIndex = 0; path = musicale.app; sourceTree = BUILT_PRODUCTS_DIR; };
		417090FC1AD9B89A0095A7BB /* Info.plist */ = {isa = PBXFileReference; lastKnownFileType = text.plist.xml; path = Info.plist; sourceTree = "<group>"; };
		417090FD1AD9B89A0095A7BB /* AppDelegate.swift */ = {isa = PBXFileReference; lastKnownFileType = sourcecode.swift; path = AppDelegate.swift; sourceTree = "<group>"; };
		417090FF1AD9B89A0095A7BB /* ViewController.swift */ = {isa = PBXFileReference; lastKnownFileType = sourcecode.swift; path = ViewController.swift; sourceTree = "<group>"; };
		417091021AD9B89A0095A7BB /* Base */ = {isa = PBXFileReference; lastKnownFileType = file.storyboard; name = Base; path = Base.lproj/Main.storyboard; sourceTree = "<group>"; };
		417091041AD9B89A0095A7BB /* Images.xcassets */ = {isa = PBXFileReference; lastKnownFileType = folder.assetcatalog; path = Images.xcassets; sourceTree = "<group>"; };
		417091071AD9B89A0095A7BB /* Base */ = {isa = PBXFileReference; lastKnownFileType = file.xib; name = Base; path = Base.lproj/LaunchScreen.xib; sourceTree = "<group>"; };
		4170910D1AD9B89A0095A7BB /* musicaleTests.xctest */ = {isa = PBXFileReference; explicitFileType = wrapper.cfbundle; includeInIndex = 0; path = musicaleTests.xctest; sourceTree = BUILT_PRODUCTS_DIR; };
		417091121AD9B89A0095A7BB /* Info.plist */ = {isa = PBXFileReference; lastKnownFileType = text.plist.xml; path = Info.plist; sourceTree = "<group>"; };
		417091131AD9B89A0095A7BB /* musicaleTests.swift */ = {isa = PBXFileReference; lastKnownFileType = sourcecode.swift; path = musicaleTests.swift; sourceTree = "<group>"; };
/* End PBXFileReference section */

/* Begin PBXFrameworksBuildPhase section */
		417090F51AD9B89A0095A7BB /* Frameworks */ = {
			isa = PBXFrameworksBuildPhase;
			buildActionMask = 2147483647;
			files = (
			);
			runOnlyForDeploymentPostprocessing = 0;
		};
		4170910A1AD9B89A0095A7BB /* Frameworks */ = {
			isa = PBXFrameworksBuildPhase;
			buildActionMask = 2147483647;
			files = (
			);
			runOnlyForDeploymentPostprocessing = 0;
		};
/* End PBXFrameworksBuildPhase section */

/* Begin PBXGroup section */
		417090EF1AD9B89A0095A7BB = {
			isa = PBXGroup;
			children = (
				417090FA1AD9B89A0095A7BB /* musicale */,
				417091101AD9B89A0095A7BB /* musicaleTests */,
				417090F91AD9B89A0095A7BB /* Products */,
			);
			sourceTree = "<group>";
		};
		417090F91AD9B89A0095A7BB /* Products */ = {
			isa = PBXGroup;
			children = (
				417090F81AD9B89A0095A7BB /* musicale.app */,
				4170910D1AD9B89A0095A7BB /* musicaleTests.xctest */,
			);
			name = Products;
			sourceTree = "<group>";
		};
		417090FA1AD9B89A0095A7BB /* musicale */ = {
			isa = PBXGroup;
			children = (
				417090FD1AD9B89A0095A7BB /* AppDelegate.swift */,
				417090FF1AD9B89A0095A7BB /* ViewController.swift */,
				417091011AD9B89A0095A7BB /* Main.storyboard */,
				417091041AD9B89A0095A7BB /* Images.xcassets */,
				417091061AD9B89A0095A7BB /* LaunchScreen.xib */,
				417090FB1AD9B89A0095A7BB /* Supporting Files */,
			);
			path = musicale;
			sourceTree = "<group>";
		};
		417090FB1AD9B89A0095A7BB /* Supporting Files */ = {
			isa = PBXGroup;
			children = (
				417090FC1AD9B89A0095A7BB /* Info.plist */,
			);
			name = "Supporting Files";
			sourceTree = "<group>";
		};
		417091101AD9B89A0095A7BB /* musicaleTests */ = {
			isa = PBXGroup;
			children = (
				417091131AD9B89A0095A7BB /* musicaleTests.swift */,
				417091111AD9B89A0095A7BB /* Supporting Files */,
			);
			path = musicaleTests;
			sourceTree = "<group>";
		};
		417091111AD9B89A0095A7BB /* Supporting Files */ = {
			isa = PBXGroup;
			children = (
				417091121AD9B89A0095A7BB /* Info.plist */,
			);
			name = "Supporting Files";
			sourceTree = "<group>";
		};
/* End PBXGroup section */

/* Begin PBXNativeTarget section */
		417090F71AD9B89A0095A7BB /* musicale */ = {
			isa = PBXNativeTarget;
			buildConfigurationList = 417091171AD9B89A0095A7BB /* Build configuration list for PBXNativeTarget "musicale" */;
			buildPhases = (
				417090F41AD9B89A0095A7BB /* Sources */,
				417090F51AD9B89A0095A7BB /* Frameworks */,
				417090F61AD9B89A0095A7BB /* Resources */,
			);
			buildRules = (
			);
			dependencies = (
			);
			name = musicale;
			productName = musicale;
			productReference = 417090F81AD9B89A0095A7BB /* musicale.app */;
			productType = "com.apple.product-type.application";
		};
		4170910C1AD9B89A0095A7BB /* musicaleTests */ = {
			isa = PBXNativeTarget;
			buildConfigurationList = 4170911A1AD9B89A0095A7BB /* Build configuration list for PBXNativeTarget "musicaleTests" */;
			buildPhases = (
				417091091AD9B89A0095A7BB /* Sources */,
				4170910A1AD9B89A0095A7BB /* Frameworks */,
				4170910B1AD9B89A0095A7BB /* Resources */,
			);
			buildRules = (
			);
			dependencies = (
				4170910F1AD9B89A0095A7BB /* PBXTargetDependency */,
			);
			name = musicaleTests;
			productName = musicaleTests;
			productReference = 4170910D1AD9B89A0095A7BB /* musicaleTests.xctest */;
			productType = "com.apple.product-type.bundle.unit-test";
		};
/* End PBXNativeTarget section */

/* Begin PBXProject section */
		417090F01AD9B89A0095A7BB /* Project object */ = {
			isa = PBXProject;
			attributes = {
				LastUpgradeCheck = 0630;
				ORGANIZATIONNAME = "Andres Escobar";
				TargetAttributes = {
					417090F71AD9B89A0095A7BB = {
						CreatedOnToolsVersion = 6.3;
					};
					4170910C1AD9B89A0095A7BB = {
						CreatedOnToolsVersion = 6.3;
						TestTargetID = 417090F71AD9B89A0095A7BB;
					};
				};
			};
			buildConfigurationList = 417090F31AD9B89A0095A7BB /* Build configuration list for PBXProject "musicale" */;
			compatibilityVersion = "Xcode 3.2";
			developmentRegion = English;
			hasScannedForEncodings = 0;
			knownRegions = (
				en,
				Base,
			);
			mainGroup = 417090EF1AD9B89A0095A7BB;
			productRefGroup = 417090F91AD9B89A0095A7BB /* Products */;
			projectDirPath = "";
			projectRoot = "";
			targets = (
				417090F71AD9B89A0095A7BB /* musicale */,
				4170910C1AD9B89A0095A7BB /* musicaleTests */,
			);
		};
/* End PBXProject section */

/* Begin PBXResourcesBuildPhase section */
		417090F61AD9B89A0095A7BB /* Resources */ = {
			isa = PBXResourcesBuildPhase;
			buildActionMask = 2147483647;
			files = (
				417091031AD9B89A0095A7BB /* Main.storyboard in Resources */,
				417091081AD9B89A0095A7BB /* LaunchScreen.xib in Resources */,
				417091051AD9B89A0095A7BB /* Images.xcassets in Resources */,
			);
			runOnlyForDeploymentPostprocessing = 0;
		};
		4170910B1AD9B89A0095A7BB /* Resources */ = {
			isa = PBXResourcesBuildPhase;
			buildActionMask = 2147483647;
			files = (
			);
			runOnlyForDeploymentPostprocessing = 0;
		};
/* End PBXResourcesBuildPhase section */

/* Begin PBXSourcesBuildPhase section */
		417090F41AD9B89A0095A7BB /* Sources */ = {
			isa = PBXSourcesBuildPhase;
			buildActionMask = 2147483647;
			files = (
				417091001AD9B89A0095A7BB /* ViewController.swift in Sources */,
				417090FE1AD9B89A0095A7BB /* AppDelegate.swift in Sources */,
			);
			runOnlyForDeploymentPostprocessing = 0;
		};
		417091091AD9B89A0095A7BB /* Sources */ = {
			isa = PBXSourcesBuildPhase;
			buildActionMask = 2147483647;
			files = (
				417091141AD9B89A0095A7BB /* musicaleTests.swift in Sources */,
			);
			runOnlyForDeploymentPostprocessing = 0;
		};
/* End PBXSourcesBuildPhase section */

/* Begin PBXTargetDependency section */
		4170910F1AD9B89A0095A7BB /* PBXTargetDependency */ = {
			isa = PBXTargetDependency;
			target = 417090F71AD9B89A0095A7BB /* musicale */;
			targetProxy = 4170910E1AD9B89A0095A7BB /* PBXContainerItemProxy */;
		};
/* End PBXTargetDependency section */

/* Begin PBXVariantGroup section */
		417091011AD9B89A0095A7BB /* Main.storyboard */ = {
			isa = PBXVariantGroup;
			children = (
				417091021AD9B89A0095A7BB /* Base */,
			);
			name = Main.storyboard;
			sourceTree = "<group>";
		};
		417091061AD9B89A0095A7BB /* LaunchScreen.xib */ = {
			isa = PBXVariantGroup;
			children = (
				417091071AD9B89A0095A7BB /* Base */,
			);
			name = LaunchScreen.xib;
			sourceTree = "<group>";
		};
/* End PBXVariantGroup section */

/* Begin XCBuildConfiguration section */
		417091151AD9B89A0095A7BB /* Debug */ = {
			isa = XCBuildConfiguration;
			buildSettings = {
				ALWAYS_SEARCH_USER_PATHS = NO;
				CLANG_CXX_LANGUAGE_STANDARD = "gnu++0x";
				CLANG_CXX_LIBRARY = "libc++";
				CLANG_ENABLE_MODULES = YES;
				CLANG_ENABLE_OBJC_ARC = YES;
				CLANG_WARN_BOOL_CONVERSION = YES;
				CLANG_WARN_CONSTANT_CONVERSION = YES;
				CLANG_WARN_DIRECT_OBJC_ISA_USAGE = YES_ERROR;
				CLANG_WARN_EMPTY_BODY = YES;
				CLANG_WARN_ENUM_CONVERSION = YES;
				CLANG_WARN_INT_CONVERSION = YES;
				CLANG_WARN_OBJC_ROOT_CLASS = YES_ERROR;
				CLANG_WARN_UNREACHABLE_CODE = YES;
				CLANG_WARN__DUPLICATE_METHOD_MATCH = YES;
				"CODE_SIGN_IDENTITY[sdk=iphoneos*]" = "iPhone Developer";
				COPY_PHASE_STRIP = NO;
				DEBUG_INFORMATION_FORMAT = "dwarf-with-dsym";
				ENABLE_STRICT_OBJC_MSGSEND = YES;
				GCC_C_LANGUAGE_STANDARD = gnu99;
				GCC_DYNAMIC_NO_PIC = NO;
				GCC_NO_COMMON_BLOCKS = YES;
				GCC_OPTIMIZATION_LEVEL = 0;
				GCC_PREPROCESSOR_DEFINITIONS = (
					"DEBUG=1",
					"$(inherited)",
				);
				GCC_SYMBOLS_PRIVATE_EXTERN = NO;
				GCC_WARN_64_TO_32_BIT_CONVERSION = YES;
				GCC_WARN_ABOUT_RETURN_TYPE = YES_ERROR;
				GCC_WARN_UNDECLARED_SELECTOR = YES;
				GCC_WARN_UNINITIALIZED_AUTOS = YES_AGGRESSIVE;
				GCC_WARN_UNUSED_FUNCTION = YES;
				GCC_WARN_UNUSED_VARIABLE = YES;
				IPHONEOS_DEPLOYMENT_TARGET = 8.3;
				MTL_ENABLE_DEBUG_INFO = YES;
				ONLY_ACTIVE_ARCH = YES;
				SDKROOT = iphoneos;
				SWIFT_OPTIMIZATION_LEVEL = "-Onone";
				TARGETED_DEVICE_FAMILY = "1,2";
			};
			name = Debug;
		};
		417091161AD9B89A0095A7BB /* Release */ = {
			isa = XCBuildConfiguration;
			buildSettings = {
				ALWAYS_SEARCH_USER_PATHS = NO;
				CLANG_CXX_LANGUAGE_STANDARD = "gnu++0x";
				CLANG_CXX_LIBRARY = "libc++";
				CLANG_ENABLE_MODULES = YES;
				CLANG_ENABLE_OBJC_ARC = YES;
				CLANG_WARN_BOOL_CONVERSION = YES;
				CLANG_WARN_CONSTANT_CONVERSION = YES;
				CLANG_WARN_DIRECT_OBJC_ISA_USAGE = YES_ERROR;
				CLANG_WARN_EMPTY_BODY = YES;
				CLANG_WARN_ENUM_CONVERSION = YES;
				CLANG_WARN_INT_CONVERSION = YES;
				CLANG_WARN_OBJC_ROOT_CLASS = YES_ERROR;
				CLANG_WARN_UNREACHABLE_CODE = YES;
				CLANG_WARN__DUPLICATE_METHOD_MATCH = YES;
				"CODE_SIGN_IDENTITY[sdk=iphoneos*]" = "iPhone Developer";
				COPY_PHASE_STRIP = NO;
				DEBUG_INFORMATION_FORMAT = "dwarf-with-dsym";
				ENABLE_NS_ASSERTIONS = NO;
				ENABLE_STRICT_OBJC_MSGSEND = YES;
				GCC_C_LANGUAGE_STANDARD = gnu99;
				GCC_NO_COMMON_BLOCKS = YES;
				GCC_WARN_64_TO_32_BIT_CONVERSION = YES;
				GCC_WARN_ABOUT_RETURN_TYPE = YES_ERROR;
				GCC_WARN_UNDECLARED_SELECTOR = YES;
				GCC_WARN_UNINITIALIZED_AUTOS = YES_AGGRESSIVE;
				GCC_WARN_UNUSED_FUNCTION = YES;
				GCC_WARN_UNUSED_VARIABLE = YES;
				IPHONEOS_DEPLOYMENT_TARGET = 8.3;
				MTL_ENABLE_DEBUG_INFO = NO;
				SDKROOT = iphoneos;
				TARGETED_DEVICE_FAMILY = "1,2";
				VALIDATE_PRODUCT = YES;
			};
			name = Release;
		};
		417091181AD9B89A0095A7BB /* Debug */ = {
			isa = XCBuildConfiguration;
			buildSettings = {
				ASSETCATALOG_COMPILER_APPICON_NAME = AppIcon;
				INFOPLIST_FILE = musicale/Info.plist;
				LD_RUNPATH_SEARCH_PATHS = "$(inherited) @executable_path/Frameworks";
				PRODUCT_NAME = "$(TARGET_NAME)";
			};
			name = Debug;
		};
		417091191AD9B89A0095A7BB /* Release */ = {
			isa = XCBuildConfiguration;
			buildSettings = {
				ASSETCATALOG_COMPILER_APPICON_NAME = AppIcon;
				INFOPLIST_FILE = musicale/Info.plist;
				LD_RUNPATH_SEARCH_PATHS = "$(inherited) @executable_path/Frameworks";
				PRODUCT_NAME = "$(TARGET_NAME)";
			};
			name = Release;
		};
		4170911B1AD9B89A0095A7BB /* Debug */ = {
			isa = XCBuildConfiguration;
			buildSettings = {
				BUNDLE_LOADER = "$(TEST_HOST)";
				FRAMEWORK_SEARCH_PATHS = (
					"$(SDKROOT)/Developer/Library/Frameworks",
					"$(inherited)",
				);
				GCC_PREPROCESSOR_DEFINITIONS = (
					"DEBUG=1",
					"$(inherited)",
				);
				INFOPLIST_FILE = musicaleTests/Info.plist;
				LD_RUNPATH_SEARCH_PATHS = "$(inherited) @executable_path/Frameworks @loader_path/Frameworks";
				PRODUCT_NAME = "$(TARGET_NAME)";
				TEST_HOST = "$(BUILT_PRODUCTS_DIR)/musicale.app/musicale";
			};
			name = Debug;
		};
		4170911C1AD9B89A0095A7BB /* Release */ = {
			isa = XCBuildConfiguration;
			buildSettings = {
				BUNDLE_LOADER = "$(TEST_HOST)";
				FRAMEWORK_SEARCH_PATHS = (
					"$(SDKROOT)/Developer/Library/Frameworks",
					"$(inherited)",
				);
				INFOPLIST_FILE = musicaleTests/Info.plist;
				LD_RUNPATH_SEARCH_PATHS = "$(inherited) @executable_path/Frameworks @loader_path/Frameworks";
				PRODUCT_NAME = "$(TARGET_NAME)";
				TEST_HOST = "$(BUILT_PRODUCTS_DIR)/musicale.app/musicale";
			};
			name = Release;
		};
/* End XCBuildConfiguration section */

/* Begin XCConfigurationList section */
		417090F31AD9B89A0095A7BB /* Build configuration list for PBXProject "musicale" */ = {
			isa = XCConfigurationList;
			buildConfigurations = (
				417091151AD9B89A0095A7BB /* Debug */,
				417091161AD9B89A0095A7BB /* Release */,
			);
			defaultConfigurationIsVisible = 0;
			defaultConfigurationName = Release;
		};
		417091171AD9B89A0095A7BB /* Build configuration list for PBXNativeTarget "musicale" */ = {
			isa = XCConfigurationList;
			buildConfigurations = (
				417091181AD9B89A0095A7BB /* Debug */,
				417091191AD9B89A0095A7BB /* Release */,
			);
			defaultConfigurationIsVisible = 0;
		};
		4170911A1AD9B89A0095A7BB /* Build configuration list for PBXNativeTarget "musicaleTests" */ = {
			isa = XCConfigurationList;
			buildConfigurations = (
				4170911B1AD9B89A0095A7BB /* Debug */,
				4170911C1AD9B89A0095A7BB /* Release */,
			);
			defaultConfigurationIsVisible = 0;
		};
/* End XCConfigurationList section */
	};
	rootObject = 417090F01AD9B89A0095A7BB /* Project object */;
}
